
Microsoft Visual Studio Solution File, Format Version 12.00
# Visual Studio Version 17
VisualStudioVersion = 17.6.33829.357
MinimumVisualStudioVersion = 10.0.40219.1
Project("{FAE04EC0-301F-11D3-BF4B-00C04F79EFBC}") = "KSD-SCHOOL-SYSTEM", "KSD-SCHOOL-SYSTEM\KSD-SCHOOL-SYSTEM.csproj", "{C78E6D7C-8E73-40ED-A2C4-1D113DE0A08E}"
EndProject
Global
	GlobalSection(SolutionConfigurationPlatforms) = preSolution
		Debug|Any CPU = Debug|Any CPU
		Release|Any CPU = Release|Any CPU
	EndGlobalSection
	GlobalSection(ProjectConfigurationPlatforms) = postSolution
		{C78E6D7C-8E73-40ED-A2C4-1D113DE0A08E}.Debug|Any CPU.ActiveCfg = Debug|Any CPU
		{C78E6D7C-8E73-40ED-A2C4-1D113DE0A08E}.Debug|Any CPU.Build.0 = Debug|Any CPU
		{C78E6D7C-8E73-40ED-A2C4-1D113DE0A08E}.Release|Any CPU.ActiveCfg = Release|Any CPU
		{C78E6D7C-8E73-40ED-A2C4-1D113DE0A08E}.Release|Any CPU.Build.0 = Release|Any CPU
	EndGlobalSection
	GlobalSection(SolutionProperties) = preSolution
		HideSolutionNode = FALSE
	EndGlobalSection
	GlobalSection(ExtensibilityGlobals) = postSolution
		SolutionGuid = {B4AEA3E8-F378-4AC5-850D-8CF4CF403FA5}
	EndGlobalSection
EndGlobal
